Microsoft Visual Studio Solution File, Format Version 12.00
# Visual Studio Version 17
VisualStudioVersion = 17.5.2.0
MinimumVisualStudioVersion = 10.0.40219.1
Project("{FAE04EC0-301F-11D3-BF4B-00C04F79EFBC}") = "Bakery2048", "Bakery2048\Bakery2048.csproj", "{687D66BE-4CA0-ED95-57E7-0FB2C0F0DF48}"
EndProject
Global
	GlobalSection(SolutionConfigurationPlatforms) = preSolution
		Debug|Any CPU = Debug|Any CPU
		Release|Any CPU = Release|Any CPU
	EndGlobalSection
	GlobalSection(ProjectConfigurationPlatforms) = postSolution
		{687D66BE-4CA0-ED95-57E7-0FB2C0F0DF48}.Debug|Any CPU.ActiveCfg = Debug|Any CPU
		{687D66BE-4CA0-ED95-57E7-0FB2C0F0DF48}.Debug|Any CPU.Build.0 = Debug|Any CPU
		{687D66BE-4CA0-ED95-57E7-0FB2C0F0DF48}.Release|Any CPU.ActiveCfg = Release|Any CPU
		{687D66BE-4CA0-ED95-57E7-0FB2C0F0DF48}.Release|Any CPU.Build.0 = Release|Any CPU
	EndGlobalSection
	GlobalSection(SolutionProperties) = preSolution
		HideSolutionNode = FALSE
	EndGlobalSection
	GlobalSection(ExtensibilityGlobals) = postSolution
		SolutionGuid = {64A6EF2C-2E53-48AD-A21A-A65E1157BAC0}
	EndGlobalSection
EndGlobal
